
Microsoft Visual Studio Solution File, Format Version 12.00
# Visual Studio Version 17
VisualStudioVersion = 17.1.32210.238
MinimumVisualStudioVersion = 10.0.40219.1
Project("{9A19103F-16F7-4668-BE54-9A1E7A4F7556}") = "SwaggerConf", "SwaggerConf\SwaggerConf.csproj", "{1CB59E1E-5167-4709-98D7-2E7EC6EE46E7}"
EndProject
Global
	GlobalSection(SolutionConfigurationPlatforms) = preSolution
		Debug|Any CPU = Debug|Any CPU
		Release|Any CPU = Release|Any CPU
	EndGlobalSection
	GlobalSection(ProjectConfigurationPlatforms) = postSolution
		{1CB59E1E-5167-4709-98D7-2E7EC6EE46E7}.Debug|Any CPU.ActiveCfg = Debug|Any CPU
		{1CB59E1E-5167-4709-98D7-2E7EC6EE46E7}.Debug|Any CPU.Build.0 = Debug|Any CPU
		{1CB59E1E-5167-4709-98D7-2E7EC6EE46E7}.Release|Any CPU.ActiveCfg = Release|Any CPU
		{1CB59E1E-5167-4709-98D7-2E7EC6EE46E7}.Release|Any CPU.Build.0 = Release|Any CPU
	EndGlobalSection
	GlobalSection(SolutionProperties) = preSolution
		HideSolutionNode = FALSE
	EndGlobalSection
	GlobalSection(ExtensibilityGlobals) = postSolution
		SolutionGuid = {7E3E0BFC-EE36-4A4E-BCA6-5464D4980DF8}
	EndGlobalSection
EndGlobal
